
Microsoft Visual Studio Solution File, Format Version 12.00
# Visual Studio Version 17
VisualStudioVersion = 17.14.37411.7 d17.14
MinimumVisualStudioVersion = 10.0.40219.1
Project("{FAE04EC0-301F-11D3-BF4B-00C04F79EFBC}") = "UserManagmentWebAPI", "UserManagmentWebAPI\UserManagmentWebAPI.csproj", "{2143CB3C-125E-450D-A3C3-957A50565801}"
EndProject
Global
	GlobalSection(SolutionConfigurationPlatforms) = preSolution
		Debug|Any CPU = Debug|Any CPU
		Release|Any CPU = Release|Any CPU
	EndGlobalSection
	GlobalSection(ProjectConfigurationPlatforms) = postSolution
		{2143CB3C-125E-450D-A3C3-957A50565801}.Debug|Any CPU.ActiveCfg = Debug|Any CPU
		{2143CB3C-125E-450D-A3C3-957A50565801}.Debug|Any CPU.Build.0 = Debug|Any CPU
		{2143CB3C-125E-450D-A3C3-957A50565801}.Release|Any CPU.ActiveCfg = Release|Any CPU
		{2143CB3C-125E-450D-A3C3-957A50565801}.Release|Any CPU.Build.0 = Release|Any CPU
	EndGlobalSection
	GlobalSection(SolutionProperties) = preSolution
		HideSolutionNode = FALSE
	EndGlobalSection
	GlobalSection(ExtensibilityGlobals) = postSolution
		SolutionGuid = {7F9BA462-E393-442D-9B7C-53A821CDE873}
	EndGlobalSection
EndGlobal
